
Microsoft Visual Studio Solution File, Format Version 12.00
# Visual Studio 15
VisualStudioVersion = 15.0.27130.2010
MinimumVisualStudioVersion = 10.0.40219.1
Project("{9A19103F-16F7-4668-BE54-9A1E7A4F7556}") = "Contracts", "Contracts\Contracts.csproj", "{AFCA86C9-F21B-4273-A879-33C6AF58B3DD}"
EndProject
Project("{9A19103F-16F7-4668-BE54-9A1E7A4F7556}") = "Exchange", "Exchange\Exchange.csproj", "{E659AB45-FD18-4490-95FC-C1B58A06620D}"
EndProject
Project("{FAE04EC0-301F-11D3-BF4B-00C04F79EFBC}") = "ExchangeTests", "ExchangeTest\ExchangeTests.csproj", "{F1A4F139-FC79-4AB7-A90A-A9AB8C41443D}"
EndProject
Project("{FAE04EC0-301F-11D3-BF4B-00C04F79EFBC}") = "Trader", "Trader\Trader.csproj", "{D5E10603-223A-4FD2-8EE4-38F395A96E89}"
EndProject
Project("{FAE04EC0-301F-11D3-BF4B-00C04F79EFBC}") = "MarketService", "MarketService\MarketService.csproj", "{0C6FD525-3CF5-4C07-9B8C-193A63EED3DC}"
EndProject
Project("{FAE04EC0-301F-11D3-BF4B-00C04F79EFBC}") = "MarketServiceTests", "MarketServiceTests\MarketServiceTests.csproj", "{75E7F723-B9F5-42F9-BAAE-7261E68D4950}"
EndProject
Global
	GlobalSection(SolutionConfigurationPlatforms) = preSolution
		Debug|Any CPU = Debug|Any CPU
		Release|Any CPU = Release|Any CPU
	EndGlobalSection
	GlobalSection(ProjectConfigurationPlatforms) = postSolution
		{AFCA86C9-F21B-4273-A879-33C6AF58B3DD}.Debug|Any CPU.ActiveCfg = Debug|Any CPU
		{AFCA86C9-F21B-4273-A879-33C6AF58B3DD}.Debug|Any CPU.Build.0 = Debug|Any CPU
		{AFCA86C9-F21B-4273-A879-33C6AF58B3DD}.Release|Any CPU.ActiveCfg = Release|Any CPU
		{AFCA86C9-F21B-4273-A879-33C6AF58B3DD}.Release|Any CPU.Build.0 = Release|Any CPU
		{E659AB45-FD18-4490-95FC-C1B58A06620D}.Debug|Any CPU.ActiveCfg = Debug|Any CPU
		{E659AB45-FD18-4490-95FC-C1B58A06620D}.Debug|Any CPU.Build.0 = Debug|Any CPU
		{E659AB45-FD18-4490-95FC-C1B58A06620D}.Release|Any CPU.ActiveCfg = Release|Any CPU
		{E659AB45-FD18-4490-95FC-C1B58A06620D}.Release|Any CPU.Build.0 = Release|Any CPU
		{F1A4F139-FC79-4AB7-A90A-A9AB8C41443D}.Debug|Any CPU.ActiveCfg = Debug|Any CPU
		{F1A4F139-FC79-4AB7-A90A-A9AB8C41443D}.Debug|Any CPU.Build.0 = Debug|Any CPU
		{F1A4F139-FC79-4AB7-A90A-A9AB8C41443D}.Release|Any CPU.ActiveCfg = Release|Any CPU
		{F1A4F139-FC79-4AB7-A90A-A9AB8C41443D}.Release|Any CPU.Build.0 = Release|Any CPU
		{D5E10603-223A-4FD2-8EE4-38F395A96E89}.Debug|Any CPU.ActiveCfg = Debug|Any CPU
		{D5E10603-223A-4FD2-8EE4-38F395A96E89}.Debug|Any CPU.Build.0 = Debug|Any CPU
		{D5E10603-223A-4FD2-8EE4-38F395A96E89}.Release|Any CPU.ActiveCfg = Release|Any CPU
		{D5E10603-223A-4FD2-8EE4-38F395A96E89}.Release|Any CPU.Build.0 = Release|Any CPU
		{0C6FD525-3CF5-4C07-9B8C-193A63EED3DC}.Debug|Any CPU.ActiveCfg = Debug|Any CPU
		{0C6FD525-3CF5-4C07-9B8C-193A63EED3DC}.Debug|Any CPU.Build.0 = Debug|Any CPU
		{0C6FD525-3CF5-4C07-9B8C-193A63EED3DC}.Release|Any CPU.ActiveCfg = Release|Any CPU
		{0C6FD525-3CF5-4C07-9B8C-193A63EED3DC}.Release|Any CPU.Build.0 = Release|Any CPU
		{75E7F723-B9F5-42F9-BAAE-7261E68D4950}.Debug|Any CPU.ActiveCfg = Debug|Any CPU
		{75E7F723-B9F5-42F9-BAAE-7261E68D4950}.Debug|Any CPU.Build.0 = Debug|Any CPU
		{75E7F723-B9F5-42F9-BAAE-7261E68D4950}.Release|Any CPU.ActiveCfg = Release|Any CPU
		{75E7F723-B9F5-42F9-BAAE-7261E68D4950}.Release|Any CPU.Build.0 = Release|Any CPU
	EndGlobalSection
	GlobalSection(SolutionProperties) = preSolution
		HideSolutionNode = FALSE
	EndGlobalSection
	GlobalSection(ExtensibilityGlobals) = postSolution
		SolutionGuid = {4ABC8825-EA0B-40EE-820A-BDEB15EE7013}
	EndGlobalSection
EndGlobal
